Microsoft Visual Studio Solution File, Format Version 12.00
# Visual Studio Version 17
VisualStudioVersion = 17.5.2.0
MinimumVisualStudioVersion = 10.0.40219.1
Project("{FAE04EC0-301F-11D3-BF4B-00C04F79EFBC}") = "appinsightsdemo", "appinsightsdemo.csproj", "{FF93D500-41CD-4CBD-FD8D-492FE322E902}"
EndProject
Global
	GlobalSection(SolutionConfigurationPlatforms) = preSolution
		Debug|Any CPU = Debug|Any CPU
		Release|Any CPU = Release|Any CPU
	EndGlobalSection
	GlobalSection(ProjectConfigurationPlatforms) = postSolution
		{FF93D500-41CD-4CBD-FD8D-492FE322E902}.Debug|Any CPU.ActiveCfg = Debug|Any CPU
		{FF93D500-41CD-4CBD-FD8D-492FE322E902}.Debug|Any CPU.Build.0 = Debug|Any CPU
		{FF93D500-41CD-4CBD-FD8D-492FE322E902}.Release|Any CPU.ActiveCfg = Release|Any CPU
		{FF93D500-41CD-4CBD-FD8D-492FE322E902}.Release|Any CPU.Build.0 = Release|Any CPU
	EndGlobalSection
	GlobalSection(SolutionProperties) = preSolution
		HideSolutionNode = FALSE
	EndGlobalSection
	GlobalSection(ExtensibilityGlobals) = postSolution
		SolutionGuid = {0BB6A836-AC68-4949-A754-3AE21FDA0A94}
	EndGlobalSection
EndGlobal
